
Microsoft Visual Studio Solution File, Format Version 12.00
# Visual Studio Version 17
VisualStudioVersion = 17.3.32819.101
MinimumVisualStudioVersion = 10.0.40219.1
Project("{FAE04EC0-301F-11D3-BF4B-00C04F79EFBC}") = "Bai1_Trang55_Real", "Bai1_Trang55_Real\Bai1_Trang55_Real.csproj", "{BBA27C27-2B5F-472D-AF7C-85290DC826BC}"
EndProject
Global
	GlobalSection(SolutionConfigurationPlatforms) = preSolution
		Debug|Any CPU = Debug|Any CPU
		Release|Any CPU = Release|Any CPU
	EndGlobalSection
	GlobalSection(ProjectConfigurationPlatforms) = postSolution
		{BBA27C27-2B5F-472D-AF7C-85290DC826BC}.Debug|Any CPU.ActiveCfg = Debug|Any CPU
		{BBA27C27-2B5F-472D-AF7C-85290DC826BC}.Debug|Any CPU.Build.0 = Debug|Any CPU
		{BBA27C27-2B5F-472D-AF7C-85290DC826BC}.Release|Any CPU.ActiveCfg = Release|Any CPU
		{BBA27C27-2B5F-472D-AF7C-85290DC826BC}.Release|Any CPU.Build.0 = Release|Any CPU
	EndGlobalSection
	GlobalSection(SolutionProperties) = preSolution
		HideSolutionNode = FALSE
	EndGlobalSection
	GlobalSection(ExtensibilityGlobals) = postSolution
		SolutionGuid = {D02994F5-BFAD-4157-BD6C-4A1B77F39891}
	EndGlobalSection
EndGlobal
